
Microsoft Visual Studio Solution File, Format Version 12.00
# Visual Studio Version 17
VisualStudioVersion = 17.1.32228.430
MinimumVisualStudioVersion = 10.0.40219.1
Project("{FAE04EC0-301F-11D3-BF4B-00C04F79EFBC}") = "Лабароторная работа 6", "Лабароторная работа 6\Лабароторная работа 6.csproj", "{1D024613-85AE-453B-91C5-E20998D1489D}"
EndProject
Global
	GlobalSection(SolutionConfigurationPlatforms) = preSolution
		Debug|Any CPU = Debug|Any CPU
		Release|Any CPU = Release|Any CPU
	EndGlobalSection
	GlobalSection(ProjectConfigurationPlatforms) = postSolution
		{1D024613-85AE-453B-91C5-E20998D1489D}.Debug|Any CPU.ActiveCfg = Debug|Any CPU
		{1D024613-85AE-453B-91C5-E20998D1489D}.Debug|Any CPU.Build.0 = Debug|Any CPU
		{1D024613-85AE-453B-91C5-E20998D1489D}.Release|Any CPU.ActiveCfg = Release|Any CPU
		{1D024613-85AE-453B-91C5-E20998D1489D}.Release|Any CPU.Build.0 = Release|Any CPU
	EndGlobalSection
	GlobalSection(SolutionProperties) = preSolution
		HideSolutionNode = FALSE
	EndGlobalSection
	GlobalSection(ExtensibilityGlobals) = postSolution
		SolutionGuid = {9B106F78-9DE9-4A07-A113-15714160888B}
	EndGlobalSection
EndGlobal
